{"format_version":"1.0","provider_schemas":{"registry.terraform.io/formancehq/cloud":{"provider":{"version":0,"block":{"attributes":{"client_id":{"type":"string","description":"The client ID for authenticating with the Formance Cloud API. Can also be set via the FORMANCE_CLOUD_CLIENT_ID environment variable.","description_kind":"plain","optional":true},"client_secret":{"type":"string","description":"The client secret for authenticating with the Formance Cloud API. Can also be set via the FORMANCE_CLOUD_CLIENT_SECRET environment variable.","description_kind":"plain","optional":true,"sensitive":true},"endpoint":{"type":"string","description":"The endpoint URL for the Formance Cloud API. Defaults to the production endpoint. Can also be set via the FORMANCE_CLOUD_API_ENDPOINT environment variable.","description_kind":"plain","optional":true}},"description":"The Formance Cloud provider allows you to manage your Formance Cloud resources using Terraform. It provides resources for managing stacks and stack modules.","description_kind":"plain"}},"resource_schemas":{"cloud_noop":{"version":0,"block":{"description":"A no-operation resource for testing purposes. This resource performs no actual operations and exists solely for provider testing and validation.","description_kind":"plain"}},"cloud_organization_member":{"version":0,"block":{"attributes":{"email":{"type":"string","description":"The email address of the user to invite or add to the organization.","description_kind":"plain","required":true},"id":{"type":"string","description":"The unique identifier of the invitation or membership.","description_kind":"plain","computed":true},"role":{"type":"string","description":"The role to assign to the user in the organization. Valid values are: GUEST, ADMIN.","description_kind":"plain","optional":true,"computed":true},"user_id":{"type":"string","description":"The user ID once the invitation has been accepted.","description_kind":"plain","computed":true}},"description":"Manages organization members and invitations in Formance Cloud. This resource can be used to invite users to an organization and manage their access levels.","description_kind":"plain"}},"cloud_stack":{"version":0,"block":{"attributes":{"force_destroy":{"type":"bool","description":"When set to true, the stack will be forcefully deleted even if it contains data. Use with caution.","description_kind":"plain","optional":true},"id":{"type":"string","description":"The unique identifier of the stack.","description_kind":"plain","computed":true},"name":{"type":"string","description":"The name of the stack. Must be unique within the organization.","description_kind":"plain","optional":true,"computed":true},"region_id":{"type":"string","description":"The region ID where the stack will be deployed.","description_kind":"plain","required":true},"uri":{"type":"string","description":"The URI of the deployed stack.","description_kind":"plain","computed":true},"version":{"type":"string","description":"The version of Formance to deploy. If not specified, the latest version will be used.","description_kind":"plain","optional":true,"computed":true}},"description":"Manages a Formance Cloud stack. A stack is an isolated environment where you can deploy and run Formance services.","description_kind":"plain"}},"cloud_stack_member":{"version":0,"block":{"attributes":{"role":{"type":"string","description":"The role to assign to the user for this stack. Valid values are: GUEST, ADMIN.","description_kind":"plain","required":true},"stack_id":{"type":"string","description":"The ID of the stack where the user will be granted access.","description_kind":"plain","required":true},"user_id":{"type":"string","description":"The ID of the user to grant access to the stack. The user must already be a member of the organization.","description_kind":"plain","required":true}},"description":"Manages stack members and their access levels in Formance Cloud. This resource allows you to grant users access to specific stacks within an organization.","description_kind":"plain"}},"cloud_stack_module":{"version":0,"block":{"attributes":{"name":{"type":"string","description":"The name of the module to enable. Valid module names include: ledger, payments, webhooks, wallets, search, reconciliation, orchestration, auth, stargate.","description_kind":"plain","required":true},"stack_id":{"type":"string","description":"The ID of the stack where the module will be enabled.","description_kind":"plain","required":true}},"description":"Manages modules within a Formance Cloud stack. Modules are individual services that can be enabled or disabled on a stack.","description_kind":"plain"}}},"data_source_schemas":{"cloud_current_organization":{"version":0,"block":{"attributes":{"domain":{"type":"string","description":"The domain of the organization.","description_kind":"plain","computed":true},"id":{"type":"string","description":"The unique identifier of the organization.","description_kind":"plain","computed":true},"name":{"type":"string","description":"The name of the organization.","description_kind":"plain","computed":true},"owner_id":{"type":"string","description":"The ID of the organization owner.","description_kind":"plain","computed":true}},"description":"Retrieves information about the current/first organization associated with the authenticated user.","description_kind":"plain"}},"cloud_region_versions":{"version":0,"block":{"attributes":{"id":{"type":"string","description":"The unique identifier of the region. If not specified, uses the first available region sorted deterministically by ID.","description_kind":"plain","optional":true},"versions":{"nested_type":{"attributes":{"name":{"type":"string","description":"The version name (e.g., v1.0.0, v2.0.0).","description_kind":"plain","computed":true}},"nesting_mode":"list"},"description":"The list of available Formance versions in the region.","description_kind":"plain","computed":true}},"description":"Retrieves the list of available Formance versions for a region. If id is specified, uses that region. Otherwise, uses the first available region sorted deterministically by ID.","description_kind":"plain"}},"cloud_regions":{"version":0,"block":{"attributes":{"id":{"type":"string","description":"The unique identifier of the region.","description_kind":"plain","optional":true},"name":{"type":"string","description":"The name of the region to retrieve. If not specified, returns the first available region sorted deterministically by ID.","description_kind":"plain","optional":true}},"description":"Retrieves information about regions within an organization. If name is specified, returns a specific region by name. Otherwise, returns the first available region sorted deterministically by ID.","description_kind":"plain"}},"cloud_stacks":{"version":0,"block":{"attributes":{"id":{"type":"string","description":"The unique identifier of the stack. If not specified, returns the first available stack sorted alphabetically by name.","description_kind":"plain","optional":true},"name":{"type":"string","description":"The name of the stack.","description_kind":"plain","optional":true},"region_id":{"type":"string","description":"The region ID where the stack is installed.","description_kind":"plain","computed":true},"state":{"type":"string","description":"The current state of the stack.","description_kind":"plain","computed":true},"status":{"type":"string","description":"The current status of the stack.","description_kind":"plain","computed":true}},"description":"Retrieves information about a Formance Cloud stack. If id is specified, returns a specific stack by ID. Otherwise, returns the first available stack sorted alphabetically by name for predictable behavior.","description_kind":"plain"}}}}}}
